
Microsoft Visual Studio Solution File, Format Version 12.00
# Visual Studio Version 16
VisualStudioVersion = 16.0.30907.101
MinimumVisualStudioVersion = 10.0.40219.1
Project("{FAE04EC0-301F-11D3-BF4B-00C04F79EFBC}") = "progCapas", "progCapas\progCapas.csproj", "{A29B09BB-889D-498D-A38C-2E52C3E5F517}"
EndProject
Project("{FAE04EC0-301F-11D3-BF4B-00C04F79EFBC}") = "DataLayer", "DataLayer\DataLayer.csproj", "{58E8F8A1-3B6C-4E59-9403-9EE97A6EACE1}"
EndProject
Project("{FAE04EC0-301F-11D3-BF4B-00C04F79EFBC}") = "BussinesLayer", "BussinesLayer\BussinesLayer.csproj", "{61A6DDEB-82F1-45B9-8AA4-B7C48358EB26}"
EndProject
Global
	GlobalSection(SolutionConfigurationPlatforms) = preSolution
		Debug|Any CPU = Debug|Any CPU
		Release|Any CPU = Release|Any CPU
	EndGlobalSection
	GlobalSection(ProjectConfigurationPlatforms) = postSolution
		{A29B09BB-889D-498D-A38C-2E52C3E5F517}.Debug|Any CPU.ActiveCfg = Debug|Any CPU
		{A29B09BB-889D-498D-A38C-2E52C3E5F517}.Debug|Any CPU.Build.0 = Debug|Any CPU
		{A29B09BB-889D-498D-A38C-2E52C3E5F517}.Release|Any CPU.ActiveCfg = Release|Any CPU
		{A29B09BB-889D-498D-A38C-2E52C3E5F517}.Release|Any CPU.Build.0 = Release|Any CPU
		{58E8F8A1-3B6C-4E59-9403-9EE97A6EACE1}.Debug|Any CPU.ActiveCfg = Debug|Any CPU
		{58E8F8A1-3B6C-4E59-9403-9EE97A6EACE1}.Debug|Any CPU.Build.0 = Debug|Any CPU
		{58E8F8A1-3B6C-4E59-9403-9EE97A6EACE1}.Release|Any CPU.ActiveCfg = Release|Any CPU
		{58E8F8A1-3B6C-4E59-9403-9EE97A6EACE1}.Release|Any CPU.Build.0 = Release|Any CPU
		{61A6DDEB-82F1-45B9-8AA4-B7C48358EB26}.Debug|Any CPU.ActiveCfg = Debug|Any CPU
		{61A6DDEB-82F1-45B9-8AA4-B7C48358EB26}.Debug|Any CPU.Build.0 = Debug|Any CPU
		{61A6DDEB-82F1-45B9-8AA4-B7C48358EB26}.Release|Any CPU.ActiveCfg = Release|Any CPU
		{61A6DDEB-82F1-45B9-8AA4-B7C48358EB26}.Release|Any CPU.Build.0 = Release|Any CPU
	EndGlobalSection
	GlobalSection(SolutionProperties) = preSolution
		HideSolutionNode = FALSE
	EndGlobalSection
	GlobalSection(ExtensibilityGlobals) = postSolution
		SolutionGuid = {0379A851-4F83-4DC8-9F02-464006F19694}
	EndGlobalSection
EndGlobal
